
Microsoft Visual Studio Solution File, Format Version 12.00
# Visual Studio 15
VisualStudioVersion = 15.0.27130.2020
MinimumVisualStudioVersion = 10.0.40219.1
Project("{FAE04EC0-301F-11D3-BF4B-00C04F79EFBC}") = "PureMVC", "PureMVC\PureMVC.csproj", "{AB68204B-B1E1-4A86-80B8-956051FA7631}"
EndProject
Project("{FAE04EC0-301F-11D3-BF4B-00C04F79EFBC}") = "PureMVCTests", "PureMVCTests\PureMVCTests.csproj", "{6EAA4530-C8B7-4607-838B-4DE216E4AC76}"
EndProject
Global
	GlobalSection(SolutionConfigurationPlatforms) = preSolution
		Debug|Any CPU = Debug|Any CPU
		Release|Any CPU = Release|Any CPU
	EndGlobalSection
	GlobalSection(ProjectConfigurationPlatforms) = postSolution
		{AB68204B-B1E1-4A86-80B8-956051FA7631}.Debug|Any CPU.ActiveCfg = Debug|Any CPU
		{AB68204B-B1E1-4A86-80B8-956051FA7631}.Debug|Any CPU.Build.0 = Debug|Any CPU
		{AB68204B-B1E1-4A86-80B8-956051FA7631}.Release|Any CPU.ActiveCfg = Release|Any CPU
		{AB68204B-B1E1-4A86-80B8-956051FA7631}.Release|Any CPU.Build.0 = Release|Any CPU
		{6EAA4530-C8B7-4607-838B-4DE216E4AC76}.Debug|Any CPU.ActiveCfg = Debug|Any CPU
		{6EAA4530-C8B7-4607-838B-4DE216E4AC76}.Debug|Any CPU.Build.0 = Debug|Any CPU
		{6EAA4530-C8B7-4607-838B-4DE216E4AC76}.Release|Any CPU.ActiveCfg = Release|Any CPU
		{6EAA4530-C8B7-4607-838B-4DE216E4AC76}.Release|Any CPU.Build.0 = Release|Any CPU
	EndGlobalSection
	GlobalSection(SolutionProperties) = preSolution
		HideSolutionNode = FALSE
	EndGlobalSection
	GlobalSection(ExtensibilityGlobals) = postSolution
		SolutionGuid = {E52D5A7E-90BA-4795-96C8-9EEDDF49BA1F}
	EndGlobalSection
EndGlobal
